
Microsoft Visual Studio Solution File, Format Version 12.00
# Visual Studio Version 16
VisualStudioVersion = 16.0.31829.152
MinimumVisualStudioVersion = 10.0.40219.1
Project("{9A19103F-16F7-4668-BE54-9A1E7A4F7556}") = "CSVParser", "CSVParser\CSVParser.csproj", "{0E39BBE0-1394-4E59-BAB3-5DFF1B113E50}"
EndProject
Project("{9A19103F-16F7-4668-BE54-9A1E7A4F7556}") = "CSVParserUnitTest", "CSVParserUnitTest\CSVParserUnitTest\CSVParserUnitTest.csproj", "{86B951F6-90E7-4B6A-929F-0DF43F1D20DC}"
EndProject
Global
	GlobalSection(SolutionConfigurationPlatforms) = preSolution
		Debug|Any CPU = Debug|Any CPU
		Release|Any CPU = Release|Any CPU
	EndGlobalSection
	GlobalSection(ProjectConfigurationPlatforms) = postSolution
		{0E39BBE0-1394-4E59-BAB3-5DFF1B113E50}.Debug|Any CPU.ActiveCfg = Debug|Any CPU
		{0E39BBE0-1394-4E59-BAB3-5DFF1B113E50}.Debug|Any CPU.Build.0 = Debug|Any CPU
		{0E39BBE0-1394-4E59-BAB3-5DFF1B113E50}.Release|Any CPU.ActiveCfg = Release|Any CPU
		{0E39BBE0-1394-4E59-BAB3-5DFF1B113E50}.Release|Any CPU.Build.0 = Release|Any CPU
		{86B951F6-90E7-4B6A-929F-0DF43F1D20DC}.Debug|Any CPU.ActiveCfg = Debug|Any CPU
		{86B951F6-90E7-4B6A-929F-0DF43F1D20DC}.Debug|Any CPU.Build.0 = Debug|Any CPU
		{86B951F6-90E7-4B6A-929F-0DF43F1D20DC}.Release|Any CPU.ActiveCfg = Release|Any CPU
		{86B951F6-90E7-4B6A-929F-0DF43F1D20DC}.Release|Any CPU.Build.0 = Release|Any CPU
	EndGlobalSection
	GlobalSection(SolutionProperties) = preSolution
		HideSolutionNode = FALSE
	EndGlobalSection
	GlobalSection(ExtensibilityGlobals) = postSolution
		SolutionGuid = {6C43B326-18D8-4B01-B847-CE0FB82C80E5}
	EndGlobalSection
EndGlobal
